
Microsoft Visual Studio Solution File, Format Version 12.00
# Visual Studio Version 16
VisualStudioVersion = 16.0.30804.86
MinimumVisualStudioVersion = 10.0.40219.1
Project("{FAE04EC0-301F-11D3-BF4B-00C04F79EFBC}") = "ReinforcedTypingsExtensions", "ReinforcedTypingsExtensions\ReinforcedTypingsExtensions.csproj", "{B208EC59-FAE2-4F33-B85E-8412EA933302}"
EndProject
Project("{FAE04EC0-301F-11D3-BF4B-00C04F79EFBC}") = "Demo", "Demo\Demo.csproj", "{66D3BBBA-7E23-4985-911B-F8D4125441F6}"
EndProject
Global
	GlobalSection(SolutionConfigurationPlatforms) = preSolution
		Debug|Any CPU = Debug|Any CPU
		Release|Any CPU = Release|Any CPU
	EndGlobalSection
	GlobalSection(ProjectConfigurationPlatforms) = postSolution
		{B208EC59-FAE2-4F33-B85E-8412EA933302}.Debug|Any CPU.ActiveCfg = Debug|Any CPU
		{B208EC59-FAE2-4F33-B85E-8412EA933302}.Debug|Any CPU.Build.0 = Debug|Any CPU
		{B208EC59-FAE2-4F33-B85E-8412EA933302}.Release|Any CPU.ActiveCfg = Release|Any CPU
		{B208EC59-FAE2-4F33-B85E-8412EA933302}.Release|Any CPU.Build.0 = Release|Any CPU
		{66D3BBBA-7E23-4985-911B-F8D4125441F6}.Debug|Any CPU.ActiveCfg = Debug|Any CPU
		{66D3BBBA-7E23-4985-911B-F8D4125441F6}.Debug|Any CPU.Build.0 = Debug|Any CPU
		{66D3BBBA-7E23-4985-911B-F8D4125441F6}.Release|Any CPU.ActiveCfg = Release|Any CPU
		{66D3BBBA-7E23-4985-911B-F8D4125441F6}.Release|Any CPU.Build.0 = Release|Any CPU
	EndGlobalSection
	GlobalSection(SolutionProperties) = preSolution
		HideSolutionNode = FALSE
	EndGlobalSection
	GlobalSection(ExtensibilityGlobals) = postSolution
		SolutionGuid = {022E56C1-9820-4FFF-B5D4-9DCC57B92041}
	EndGlobalSection
EndGlobal
